// !$*UTF8*$!
{
	archiveVersion = 1;
	classes = {
	};
	objectVersion = 46;
	objects = {

/* Begin PBXBuildFile section */
		6F83815E1ACF6613007F9EFB /* AppDelegate.swift in Sources */ = {isa = PBXBuildFile; fileRef = 6F83815D1ACF6613007F9EFB /* AppDelegate.swift */; };
		6F8381601ACF6613007F9EFB /* Images.xcassets in Resources */ = {isa = PBXBuildFile; fileRef = 6F83815F1ACF6613007F9EFB /* Images.xcassets */; };
		6F8381631ACF6613007F9EFB /* MainMenu.xib in Resources */ = {isa = PBXBuildFile; fileRef = 6F8381611ACF6613007F9EFB /* MainMenu.xib */; };
		6F83816F1ACF6613007F9EFB /* TorToggleTests.swift in Sources */ = {isa = PBXBuildFile; fileRef = 6F83816E1ACF6613007F9EFB /* TorToggleTests.swift */; };
/* End PBXBuildFile section */

/* Begin PBXContainerItemProxy section */
		6F8381691ACF6613007F9EFB /* PBXContainerItemProxy */ = {
			isa = PBXContainerItemProxy;
			containerPortal = 6F8381501ACF6613007F9EFB /* Project object */;
			proxyType = 1;
			remoteGlobalIDString = 6F8381571ACF6613007F9EFB;
			remoteInfo = TorToggle;
		};
/* End PBXContainerItemProxy section */

/* Begin PBXFileReference section */
		6F8381581ACF6613007F9EFB /* TorToggle.app */ = {isa = PBXFileReference; explicitFileType = wrapper.application; includeInIndex = 0; path = TorToggle.app; sourceTree = BUILT_PRODUCTS_DIR; };
		6F83815C1ACF6613007F9EFB /* Info.plist */ = {isa = PBXFileReference; lastKnownFileType = text.plist.xml; path = Info.plist; sourceTree = "<group>"; };
		6F83815D1ACF6613007F9EFB /* AppDelegate.swift */ = {isa = PBXFileReference; lastKnownFileType = sourcecode.swift; path = AppDelegate.swift; sourceTree = "<group>"; };
		6F83815F1ACF6613007F9EFB /* Images.xcassets */ = {isa = PBXFileReference; lastKnownFileType = folder.assetcatalog; path = Images.xcassets; sourceTree = "<group>"; };
		6F8381621ACF6613007F9EFB /* Base */ = {isa = PBXFileReference; lastKnownFileType = file.xib; name = Base; path = Base.lproj/MainMenu.xib; sourceTree = "<group>"; };
		6F8381681ACF6613007F9EFB /* TorToggleTests.xctest */ = {isa = PBXFileReference; explicitFileType = wrapper.cfbundle; includeInIndex = 0; path = TorToggleTests.xctest; sourceTree = BUILT_PRODUCTS_DIR; };
		6F83816D1ACF6613007F9EFB /* Info.plist */ = {isa = PBXFileReference; lastKnownFileType = text.plist.xml; path = Info.plist; sourceTree = "<group>"; };
		6F83816E1ACF6613007F9EFB /* TorToggleTests.swift */ = {isa = PBXFileReference; lastKnownFileType = sourcecode.swift; path = TorToggleTests.swift; sourceTree = "<group>"; };
/* End PBXFileReference section */

/* Begin PBXFrameworksBuildPhase section */
		6F8381551ACF6613007F9EFB /* Frameworks */ = {
			isa = PBXFrameworksBuildPhase;
			buildActionMask = 2147483647;
			files = (
			);
			runOnlyForDeploymentPostprocessing = 0;
		};
		6F8381651ACF6613007F9EFB /* Frameworks */ = {
			isa = PBXFrameworksBuildPhase;
			buildActionMask = 2147483647;
			files = (
			);
			runOnlyForDeploymentPostprocessing = 0;
		};
/* End PBXFrameworksBuildPhase section */

/* Begin PBXGroup section */
		6F83814F1ACF6613007F9EFB = {
			isa = PBXGroup;
			children = (
				6F83815A1ACF6613007F9EFB /* TorToggle */,
				6F83816B1ACF6613007F9EFB /* TorToggleTests */,
				6F8381591ACF6613007F9EFB /* Products */,
			);
			sourceTree = "<group>";
		};
		6F8381591ACF6613007F9EFB /* Products */ = {
			isa = PBXGroup;
			children = (
				6F8381581ACF6613007F9EFB /* TorToggle.app */,
				6F8381681ACF6613007F9EFB /* TorToggleTests.xctest */,
			);
			name = Products;
			sourceTree = "<group>";
		};
		6F83815A1ACF6613007F9EFB /* TorToggle */ = {
			isa = PBXGroup;
			children = (
				6F83815D1ACF6613007F9EFB /* AppDelegate.swift */,
				6F83815F1ACF6613007F9EFB /* Images.xcassets */,
				6F8381611ACF6613007F9EFB /* MainMenu.xib */,
				6F83815B1ACF6613007F9EFB /* Supporting Files */,
			);
			path = TorToggle;
			sourceTree = "<group>";
		};
		6F83815B1ACF6613007F9EFB /* Supporting Files */ = {
			isa = PBXGroup;
			children = (
				6F83815C1ACF6613007F9EFB /* Info.plist */,
			);
			name = "Supporting Files";
			sourceTree = "<group>";
		};
		6F83816B1ACF6613007F9EFB /* TorToggleTests */ = {
			isa = PBXGroup;
			children = (
				6F83816E1ACF6613007F9EFB /* TorToggleTests.swift */,
				6F83816C1ACF6613007F9EFB /* Supporting Files */,
			);
			path = TorToggleTests;
			sourceTree = "<group>";
		};
		6F83816C1ACF6613007F9EFB /* Supporting Files */ = {
			isa = PBXGroup;
			children = (
				6F83816D1ACF6613007F9EFB /* Info.plist */,
			);
			name = "Supporting Files";
			sourceTree = "<group>";
		};
/* End PBXGroup section */

/* Begin PBXNativeTarget section */
		6F8381571ACF6613007F9EFB /* TorToggle */ = {
			isa = PBXNativeTarget;
			buildConfigurationList = 6F8381721ACF6613007F9EFB /* Build configuration list for PBXNativeTarget "TorToggle" */;
			buildPhases = (
				6F8381541ACF6613007F9EFB /* Sources */,
				6F8381551ACF6613007F9EFB /* Frameworks */,
				6F8381561ACF6613007F9EFB /* Resources */,
			);
			buildRules = (
			);
			dependencies = (
			);
			name = TorToggle;
			productName = TorToggle;
			productReference = 6F8381581ACF6613007F9EFB /* TorToggle.app */;
			productType = "com.apple.product-type.application";
		};
		6F8381671ACF6613007F9EFB /* TorToggleTests */ = {
			isa = PBXNativeTarget;
			buildConfigurationList = 6F8381751ACF6613007F9EFB /* Build configuration list for PBXNativeTarget "TorToggleTests" */;
			buildPhases = (
				6F8381641ACF6613007F9EFB /* Sources */,
				6F8381651ACF6613007F9EFB /* Frameworks */,
				6F8381661ACF6613007F9EFB /* Resources */,
			);
			buildRules = (
			);
			dependencies = (
				6F83816A1ACF6613007F9EFB /* PBXTargetDependency */,
			);
			name = TorToggleTests;
			productName = TorToggleTests;
			productReference = 6F8381681ACF6613007F9EFB /* TorToggleTests.xctest */;
			productType = "com.apple.product-type.bundle.unit-test";
		};
/* End PBXNativeTarget section */

/* Begin PBXProject section */
		6F8381501ACF6613007F9EFB /* Project object */ = {
			isa = PBXProject;
			attributes = {
				LastUpgradeCheck = 0620;
				ORGANIZATIONNAME = "Clay Miller";
				TargetAttributes = {
					6F8381571ACF6613007F9EFB = {
						CreatedOnToolsVersion = 6.2;
					};
					6F8381671ACF6613007F9EFB = {
						CreatedOnToolsVersion = 6.2;
						TestTargetID = 6F8381571ACF6613007F9EFB;
					};
				};
			};
			buildConfigurationList = 6F8381531ACF6613007F9EFB /* Build configuration list for PBXProject "TorToggle" */;
			compatibilityVersion = "Xcode 3.2";
			developmentRegion = English;
			hasScannedForEncodings = 0;
			knownRegions = (
				en,
				Base,
			);
			mainGroup = 6F83814F1ACF6613007F9EFB;
			productRefGroup = 6F8381591ACF6613007F9EFB /* Products */;
			projectDirPath = "";
			projectRoot = "";
			targets = (
				6F8381571ACF6613007F9EFB /* TorToggle */,
				6F8381671ACF6613007F9EFB /* TorToggleTests */,
			);
		};
/* End PBXProject section */

/* Begin PBXResourcesBuildPhase section */
		6F8381561ACF6613007F9EFB /* Resources */ = {
			isa = PBXResourcesBuildPhase;
			buildActionMask = 2147483647;
			files = (
				6F8381601ACF6613007F9EFB /* Images.xcassets in Resources */,
				6F8381631ACF6613007F9EFB /* MainMenu.xib in Resources */,
			);
			runOnlyForDeploymentPostprocessing = 0;
		};
		6F8381661ACF6613007F9EFB /* Resources */ = {
			isa = PBXResourcesBuildPhase;
			buildActionMask = 2147483647;
			files = (
			);
			runOnlyForDeploymentPostprocessing = 0;
		};
/* End PBXResourcesBuildPhase section */

/* Begin PBXSourcesBuildPhase section */
		6F8381541ACF6613007F9EFB /* Sources */ = {
			isa = PBXSourcesBuildPhase;
			buildActionMask = 2147483647;
			files = (
				6F83815E1ACF6613007F9EFB /* AppDelegate.swift in Sources */,
			);
			runOnlyForDeploymentPostprocessing = 0;
		};
		6F8381641ACF6613007F9EFB /* Sources */ = {
			isa = PBXSourcesBuildPhase;
			buildActionMask = 2147483647;
			files = (
				6F83816F1ACF6613007F9EFB /* TorToggleTests.swift in Sources */,
			);
			runOnlyForDeploymentPostprocessing = 0;
		};
/* End PBXSourcesBuildPhase section */

/* Begin PBXTargetDependency section */
		6F83816A1ACF6613007F9EFB /* PBXTargetDependency */ = {
			isa = PBXTargetDependency;
			target = 6F8381571ACF6613007F9EFB /* TorToggle */;
			targetProxy = 6F8381691ACF6613007F9EFB /* PBXContainerItemProxy */;
		};
/* End PBXTargetDependency section */

/* Begin PBXVariantGroup section */
		6F8381611ACF6613007F9EFB /* MainMenu.xib */ = {
			isa = PBXVariantGroup;
			children = (
				6F8381621ACF6613007F9EFB /* Base */,
			);
			name = MainMenu.xib;
			sourceTree = "<group>";
		};
/* End PBXVariantGroup section */

/* Begin XCBuildConfiguration section */
		6F8381701ACF6613007F9EFB /* Debug */ = {
			isa = XCBuildConfiguration;
			buildSettings = {
				ALWAYS_SEARCH_USER_PATHS = NO;
				CLANG_CXX_LANGUAGE_STANDARD = "gnu++0x";
				CLANG_CXX_LIBRARY = "libc++";
				CLANG_ENABLE_MODULES = YES;
				CLANG_ENABLE_OBJC_ARC = YES;
				CLANG_WARN_BOOL_CONVERSION = YES;
				CLANG_WARN_CONSTANT_CONVERSION = YES;
				CLANG_WARN_DIRECT_OBJC_ISA_USAGE = YES_ERROR;
				CLANG_WARN_EMPTY_BODY = YES;
				CLANG_WARN_ENUM_CONVERSION = YES;
				CLANG_WARN_INT_CONVERSION = YES;
				CLANG_WARN_OBJC_ROOT_CLASS = YES_ERROR;
				CLANG_WARN_UNREACHABLE_CODE = YES;
				CLANG_WARN__DUPLICATE_METHOD_MATCH = YES;
				CODE_SIGN_IDENTITY = "-";
				COPY_PHASE_STRIP = NO;
				ENABLE_STRICT_OBJC_MSGSEND = YES;
				GCC_C_LANGUAGE_STANDARD = gnu99;
				GCC_DYNAMIC_NO_PIC = NO;
				GCC_OPTIMIZATION_LEVEL = 0;
				GCC_PREPROCESSOR_DEFINITIONS = (
					"DEBUG=1",
					"$(inherited)",
				);
				GCC_SYMBOLS_PRIVATE_EXTERN = NO;
				GCC_WARN_64_TO_32_BIT_CONVERSION = YES;
				GCC_WARN_ABOUT_RETURN_TYPE = YES_ERROR;
				GCC_WARN_UNDECLARED_SELECTOR = YES;
				GCC_WARN_UNINITIALIZED_AUTOS = YES_AGGRESSIVE;
				GCC_WARN_UNUSED_FUNCTION = YES;
				GCC_WARN_UNUSED_VARIABLE = YES;
				MACOSX_DEPLOYMENT_TARGET = 10.10;
				MTL_ENABLE_DEBUG_INFO = YES;
				ONLY_ACTIVE_ARCH = YES;
				SDKROOT = macosx;
				SWIFT_OPTIMIZATION_LEVEL = "-Onone";
			};
			name = Debug;
		};
		6F8381711ACF6613007F9EFB /* Release */ = {
			isa = XCBuildConfiguration;
			buildSettings = {
				ALWAYS_SEARCH_USER_PATHS = NO;
				CLANG_CXX_LANGUAGE_STANDARD = "gnu++0x";
				CLANG_CXX_LIBRARY = "libc++";
				CLANG_ENABLE_MODULES = YES;
				CLANG_ENABLE_OBJC_ARC = YES;
				CLANG_WARN_BOOL_CONVERSION = YES;
				CLANG_WARN_CONSTANT_CONVERSION = YES;
				CLANG_WARN_DIRECT_OBJC_ISA_USAGE = YES_ERROR;
				CLANG_WARN_EMPTY_BODY = YES;
				CLANG_WARN_ENUM_CONVERSION = YES;
				CLANG_WARN_INT_CONVERSION = YES;
				CLANG_WARN_OBJC_ROOT_CLASS = YES_ERROR;
				CLANG_WARN_UNREACHABLE_CODE = YES;
				CLANG_WARN__DUPLICATE_METHOD_MATCH = YES;
				CODE_SIGN_IDENTITY = "-";
				COPY_PHASE_STRIP = NO;
				DEBUG_INFORMATION_FORMAT = "dwarf-with-dsym";
				ENABLE_NS_ASSERTIONS = NO;
				ENABLE_STRICT_OBJC_MSGSEND = YES;
				GCC_C_LANGUAGE_STANDARD = gnu99;
				GCC_WARN_64_TO_32_BIT_CONVERSION = YES;
				GCC_WARN_ABOUT_RETURN_TYPE = YES_ERROR;
				GCC_WARN_UNDECLARED_SELECTOR = YES;
				GCC_WARN_UNINITIALIZED_AUTOS = YES_AGGRESSIVE;
				GCC_WARN_UNUSED_FUNCTION = YES;
				GCC_WARN_UNUSED_VARIABLE = YES;
				MACOSX_DEPLOYMENT_TARGET = 10.10;
				MTL_ENABLE_DEBUG_INFO = NO;
				SDKROOT = macosx;
			};
			name = Release;
		};
		6F8381731ACF6613007F9EFB /* Debug */ = {
			isa = XCBuildConfiguration;
			buildSettings = {
				ASSETCATALOG_COMPILER_APPICON_NAME = AppIcon;
				COMBINE_HIDPI_IMAGES = YES;
				INFOPLIST_FILE = TorToggle/Info.plist;
				LD_RUNPATH_SEARCH_PATHS = "$(inherited) @executable_path/../Frameworks";
				PRODUCT_NAME = "$(TARGET_NAME)";
			};
			name = Debug;
		};
		6F8381741ACF6613007F9EFB /* Release */ = {
			isa = XCBuildConfiguration;
			buildSettings = {
				ASSETCATALOG_COMPILER_APPICON_NAME = AppIcon;
				COMBINE_HIDPI_IMAGES = YES;
				INFOPLIST_FILE = TorToggle/Info.plist;
				LD_RUNPATH_SEARCH_PATHS = "$(inherited) @executable_path/../Frameworks";
				PRODUCT_NAME = "$(TARGET_NAME)";
			};
			name = Release;
		};
		6F8381761ACF6613007F9EFB /* Debug */ = {
			isa = XCBuildConfiguration;
			buildSettings = {
				BUNDLE_LOADER = "$(TEST_HOST)";
				COMBINE_HIDPI_IMAGES = YES;
				FRAMEWORK_SEARCH_PATHS = (
					"$(DEVELOPER_FRAMEWORKS_DIR)",
					"$(inherited)",
				);
				GCC_PREPROCESSOR_DEFINITIONS = (
					"DEBUG=1",
					"$(inherited)",
				);
				INFOPLIST_FILE = TorToggleTests/Info.plist;
				LD_RUNPATH_SEARCH_PATHS = "$(inherited) @executable_path/../Frameworks @loader_path/../Frameworks";
				PRODUCT_NAME = "$(TARGET_NAME)";
				TEST_HOST = "$(BUILT_PRODUCTS_DIR)/TorToggle.app/Contents/MacOS/TorToggle";
			};
			name = Debug;
		};
		6F8381771ACF6613007F9EFB /* Release */ = {
			isa = XCBuildConfiguration;
			buildSettings = {
				BUNDLE_LOADER = "$(TEST_HOST)";
				COMBINE_HIDPI_IMAGES = YES;
				FRAMEWORK_SEARCH_PATHS = (
					"$(DEVELOPER_FRAMEWORKS_DIR)",
					"$(inherited)",
				);
				INFOPLIST_FILE = TorToggleTests/Info.plist;
				LD_RUNPATH_SEARCH_PATHS = "$(inherited) @executable_path/../Frameworks @loader_path/../Frameworks";
				PRODUCT_NAME = "$(TARGET_NAME)";
				TEST_HOST = "$(BUILT_PRODUCTS_DIR)/TorToggle.app/Contents/MacOS/TorToggle";
			};
			name = Release;
		};
/* End XCBuildConfiguration section */

/* Begin XCConfigurationList section */
		6F8381531ACF6613007F9EFB /* Build configuration list for PBXProject "TorToggle" */ = {
			isa = XCConfigurationList;
			buildConfigurations = (
				6F8381701ACF6613007F9EFB /* Debug */,
				6F8381711ACF6613007F9EFB /* Release */,
			);
			defaultConfigurationIsVisible = 0;
			defaultConfigurationName = Release;
		};
		6F8381721ACF6613007F9EFB /* Build configuration list for PBXNativeTarget "TorToggle" */ = {
			isa = XCConfigurationList;
			buildConfigurations = (
				6F8381731ACF6613007F9EFB /* Debug */,
				6F8381741ACF6613007F9EFB /* Release */,
			);
			defaultConfigurationIsVisible = 0;
			defaultConfigurationName = Release;
		};
		6F8381751ACF6613007F9EFB /* Build configuration list for PBXNativeTarget "TorToggleTests" */ = {
			isa = XCConfigurationList;
			buildConfigurations = (
				6F8381761ACF6613007F9EFB /* Debug */,
				6F8381771ACF6613007F9EFB /* Release */,
			);
			defaultConfigurationIsVisible = 0;
			defaultConfigurationName = Release;
		};
/* End XCConfigurationList section */
	};
	rootObject = 6F8381501ACF6613007F9EFB /* Project object */;
}
